
Microsoft Visual Studio Solution File, Format Version 12.00
# Visual Studio 15
VisualStudioVersion = 15.0.28307.539
MinimumVisualStudioVersion = 10.0.40219.1
Project("{FAE04EC0-301F-11D3-BF4B-00C04F79EFBC}") = "HomeCorner", "HomeCorner\HomeCorner.csproj", "{FE4526A8-A50D-40DF-9008-11BD49BF824C}"
EndProject
Global
	GlobalSection(SolutionConfigurationPlatforms) = preSolution
		Debug|Any CPU = Debug|Any CPU
		Release|Any CPU = Release|Any CPU
	EndGlobalSection
	GlobalSection(ProjectConfigurationPlatforms) = postSolution
		{FE4526A8-A50D-40DF-9008-11BD49BF824C}.Debug|Any CPU.ActiveCfg = Debug|Any CPU
		{FE4526A8-A50D-40DF-9008-11BD49BF824C}.Debug|Any CPU.Build.0 = Debug|Any CPU
		{FE4526A8-A50D-40DF-9008-11BD49BF824C}.Release|Any CPU.ActiveCfg = Release|Any CPU
		{FE4526A8-A50D-40DF-9008-11BD49BF824C}.Release|Any CPU.Build.0 = Release|Any CPU
	EndGlobalSection
	GlobalSection(SolutionProperties) = preSolution
		HideSolutionNode = FALSE
	EndGlobalSection
	GlobalSection(ExtensibilityGlobals) = postSolution
		SolutionGuid = {083B5286-1971-4F63-87A7-C18785956F79}
	EndGlobalSection
EndGlobal
